Microsoft Visual Studio Solution File, Format Version 7.00
Project("{8BC9CEB8-8B4A-11D0-8D11-00A0C91BC942}") = "Alert", "Alert.vcproj", "{34769816-9731-468E-8449-1369D7E0A218}"
EndProject
Global
	GlobalSection(SolutionConfiguration) = preSolution
		ConfigName.0 = Debug
		ConfigName.1 = Release
	EndGlobalSection
	GlobalSection(ProjectDependencies) = postSolution
	EndGlobalSection
	GlobalSection(ProjectConfiguration) = postSolution
		{34769816-9731-468E-8449-1369D7E0A218}.Debug.ActiveCfg = Debug|Win32
		{34769816-9731-468E-8449-1369D7E0A218}.Debug.Build.0 = Debug|Win32
		{34769816-9731-468E-8449-1369D7E0A218}.Release.ActiveCfg = Release|Win32
		{34769816-9731-468E-8449-1369D7E0A218}.Release.Build.0 = Release|Win32
	EndGlobalSection
	GlobalSection(ExtensibilityGlobals) = postSolution
	EndGlobalSection
	GlobalSection(ExtensibilityAddIns) = postSolution
	EndGlobalSection
EndGlobal
