Microsoft Visual Studio Solution File, Format Version 8.00
Project("{8BC9CEB8-8B4A-11D0-8D11-00A0C91BC942}") = "Java", "bind\pdflib\java\Java.vcproj", "{BB6A2D0A-8F30-4B8C-848F-EBFAB3AFD78F}"
	ProjectSection(ProjectDependencies) = postProject
		{A8DC4248-1F62-4520-B72C-DD311C97726A} = {A8DC4248-1F62-4520-B72C-DD311C97726A}
	EndProjectSection
EndProject
Project("{8BC9CEB8-8B4A-11D0-8D11-00A0C91BC942}") = "Perl", "bind\pdflib\perl\Perl.vcproj", "{4CF3D0E3-0A63-4BA9-8962-044CBA99D41D}"
	ProjectSection(ProjectDependencies) = postProject
		{A8DC4248-1F62-4520-B72C-DD311C97726A} = {A8DC4248-1F62-4520-B72C-DD311C97726A}
	EndProjectSection
EndProject
Project("{8BC9CEB8-8B4A-11D0-8D11-00A0C91BC942}") = "Python", "bind\pdflib\python\Python.vcproj", "{E734A1DD-D588-4A37-B525-7160BC070B96}"
	ProjectSection(ProjectDependencies) = postProject
		{A8DC4248-1F62-4520-B72C-DD311C97726A} = {A8DC4248-1F62-4520-B72C-DD311C97726A}
	EndProjectSection
EndProject
Project("{8BC9CEB8-8B4A-11D0-8D11-00A0C91BC942}") = "Tcl", "bind\pdflib\tcl\Tcl.vcproj", "{C31C83EF-183D-4471-A213-44CFD6725787}"
	ProjectSection(ProjectDependencies) = postProject
		{A8DC4248-1F62-4520-B72C-DD311C97726A} = {A8DC4248-1F62-4520-B72C-DD311C97726A}
	EndProjectSection
EndProject
Project("{8BC9CEB8-8B4A-11D0-8D11-00A0C91BC942}") = "flate", "libs\flate\flate.vcproj", "{CB640360-EDEC-446E-A3B9-59EC36D49E06}"
	ProjectSection(ProjectDependencies) = postProject
	EndProjectSection
EndProject
Project("{8BC9CEB8-8B4A-11D0-8D11-00A0C91BC942}") = "pdcore", "libs\pdcore\pdcore.vcproj", "{7465DADC-9B37-48A7-8385-94847A41B47D}"
	ProjectSection(ProjectDependencies) = postProject
	EndProjectSection
EndProject
Project("{8BC9CEB8-8B4A-11D0-8D11-00A0C91BC942}") = "pdf", "libs\pdflib\pdf.vcproj", "{01D01C12-5AAB-4C7B-BEED-8CF2E29873BF}"
	ProjectSection(ProjectDependencies) = postProject
	EndProjectSection
EndProject
Project("{8BC9CEB8-8B4A-11D0-8D11-00A0C91BC942}") = "pdflib", "libs\pdflib\pdflib.vcproj", "{A8DC4248-1F62-4520-B72C-DD311C97726A}"
	ProjectSection(ProjectDependencies) = postProject
		{45C46983-75F8-4FF3-90DD-E0112CA802C6} = {45C46983-75F8-4FF3-90DD-E0112CA802C6}
		{34B07347-D81F-425E-9299-ED6FE9B25020} = {34B07347-D81F-425E-9299-ED6FE9B25020}
		{5F83920A-7419-4C99-9AF2-919B22D023E9} = {5F83920A-7419-4C99-9AF2-919B22D023E9}
		{01D01C12-5AAB-4C7B-BEED-8CF2E29873BF} = {01D01C12-5AAB-4C7B-BEED-8CF2E29873BF}
		{7465DADC-9B37-48A7-8385-94847A41B47D} = {7465DADC-9B37-48A7-8385-94847A41B47D}
		{CB640360-EDEC-446E-A3B9-59EC36D49E06} = {CB640360-EDEC-446E-A3B9-59EC36D49E06}
	EndProjectSection
EndProject
Project("{8BC9CEB8-8B4A-11D0-8D11-00A0C91BC942}") = "pdflib_dll", "libs\pdflib\pdflib_dll.vcproj", "{90BED406-D880-4A5A-803F-9D540345C62F}"
	ProjectSection(ProjectDependencies) = postProject
		{01D01C12-5AAB-4C7B-BEED-8CF2E29873BF} = {01D01C12-5AAB-4C7B-BEED-8CF2E29873BF}
		{45C46983-75F8-4FF3-90DD-E0112CA802C6} = {45C46983-75F8-4FF3-90DD-E0112CA802C6}
		{34B07347-D81F-425E-9299-ED6FE9B25020} = {34B07347-D81F-425E-9299-ED6FE9B25020}
		{5F83920A-7419-4C99-9AF2-919B22D023E9} = {5F83920A-7419-4C99-9AF2-919B22D023E9}
		{7465DADC-9B37-48A7-8385-94847A41B47D} = {7465DADC-9B37-48A7-8385-94847A41B47D}
		{CB640360-EDEC-446E-A3B9-59EC36D49E06} = {CB640360-EDEC-446E-A3B9-59EC36D49E06}
	EndProjectSection
EndProject
Project("{8BC9CEB8-8B4A-11D0-8D11-00A0C91BC942}") = "png", "libs\png\png.vcproj", "{45C46983-75F8-4FF3-90DD-E0112CA802C6}"
	ProjectSection(ProjectDependencies) = postProject
	EndProjectSection
EndProject
Project("{8BC9CEB8-8B4A-11D0-8D11-00A0C91BC942}") = "tiff", "libs\tiff\tiff.vcproj", "{5F83920A-7419-4C99-9AF2-919B22D023E9}"
	ProjectSection(ProjectDependencies) = postProject
	EndProjectSection
EndProject
Project("{8BC9CEB8-8B4A-11D0-8D11-00A0C91BC942}") = "jpeg", "libs\jpeg\jpeg.vcproj", "{34B07347-D81F-425E-9299-ED6FE9B25020}"
	ProjectSection(ProjectDependencies) = postProject
	EndProjectSection
EndProject
Global
	GlobalSection(SolutionConfiguration) = preSolution
		Debug = Debug
		Debug DLL = Debug DLL
		Debug PLOP = Debug PLOP
		Debug PLOP DLL = Debug PLOP DLL
		oldpython = oldpython
		perl5005 = perl5005
		perlAS56 = perlAS56
		perlAS58 = perlAS58
		python21 = python21
		python22 = python22
		python23 = python23
		python24 = python24
		Release = Release
		Release DLL = Release DLL
		Release mtDLL = Release mtDLL
		Release mtDLL PLOP = Release mtDLL PLOP
		Release PLOP = Release PLOP
		Release PLOP DLL = Release PLOP DLL
	EndGlobalSection
	GlobalSection(ProjectConfiguration) = postSolution
		{BB6A2D0A-8F30-4B8C-848F-EBFAB3AFD78F}.Debug.ActiveCfg = Release|Win32
		{BB6A2D0A-8F30-4B8C-848F-EBFAB3AFD78F}.Debug.Build.0 = Release|Win32
		{BB6A2D0A-8F30-4B8C-848F-EBFAB3AFD78F}.Debug DLL.ActiveCfg = Release|Win32
		{BB6A2D0A-8F30-4B8C-848F-EBFAB3AFD78F}.Debug DLL.Build.0 = Release|Win32
		{BB6A2D0A-8F30-4B8C-848F-EBFAB3AFD78F}.Debug PLOP.ActiveCfg = Release|Win32
		{BB6A2D0A-8F30-4B8C-848F-EBFAB3AFD78F}.Debug PLOP.Build.0 = Release|Win32
		{BB6A2D0A-8F30-4B8C-848F-EBFAB3AFD78F}.Debug PLOP DLL.ActiveCfg = Release|Win32
		{BB6A2D0A-8F30-4B8C-848F-EBFAB3AFD78F}.Debug PLOP DLL.Build.0 = Release|Win32
		{BB6A2D0A-8F30-4B8C-848F-EBFAB3AFD78F}.oldpython.ActiveCfg = Release|Win32
		{BB6A2D0A-8F30-4B8C-848F-EBFAB3AFD78F}.oldpython.Build.0 = Release|Win32
		{BB6A2D0A-8F30-4B8C-848F-EBFAB3AFD78F}.perl5005.ActiveCfg = Release|Win32
		{BB6A2D0A-8F30-4B8C-848F-EBFAB3AFD78F}.perl5005.Build.0 = Release|Win32
		{BB6A2D0A-8F30-4B8C-848F-EBFAB3AFD78F}.perlAS56.ActiveCfg = Release|Win32
		{BB6A2D0A-8F30-4B8C-848F-EBFAB3AFD78F}.perlAS56.Build.0 = Release|Win32
		{BB6A2D0A-8F30-4B8C-848F-EBFAB3AFD78F}.perlAS58.ActiveCfg = Release|Win32
		{BB6A2D0A-8F30-4B8C-848F-EBFAB3AFD78F}.perlAS58.Build.0 = Release|Win32
		{BB6A2D0A-8F30-4B8C-848F-EBFAB3AFD78F}.python21.ActiveCfg = Release|Win32
		{BB6A2D0A-8F30-4B8C-848F-EBFAB3AFD78F}.python21.Build.0 = Release|Win32
		{BB6A2D0A-8F30-4B8C-848F-EBFAB3AFD78F}.python22.ActiveCfg = Release|Win32
		{BB6A2D0A-8F30-4B8C-848F-EBFAB3AFD78F}.python22.Build.0 = Release|Win32
		{BB6A2D0A-8F30-4B8C-848F-EBFAB3AFD78F}.python23.ActiveCfg = Release|Win32
		{BB6A2D0A-8F30-4B8C-848F-EBFAB3AFD78F}.python23.Build.0 = Release|Win32
		{BB6A2D0A-8F30-4B8C-848F-EBFAB3AFD78F}.python24.ActiveCfg = Release|Win32
		{BB6A2D0A-8F30-4B8C-848F-EBFAB3AFD78F}.python24.Build.0 = Release|Win32
		{BB6A2D0A-8F30-4B8C-848F-EBFAB3AFD78F}.Release.ActiveCfg = Release|Win32
		{BB6A2D0A-8F30-4B8C-848F-EBFAB3AFD78F}.Release.Build.0 = Release|Win32
		{BB6A2D0A-8F30-4B8C-848F-EBFAB3AFD78F}.Release DLL.ActiveCfg = Release|Win32
		{BB6A2D0A-8F30-4B8C-848F-EBFAB3AFD78F}.Release DLL.Build.0 = Release|Win32
		{BB6A2D0A-8F30-4B8C-848F-EBFAB3AFD78F}.Release mtDLL.ActiveCfg = Release|Win32
		{BB6A2D0A-8F30-4B8C-848F-EBFAB3AFD78F}.Release mtDLL.Build.0 = Release|Win32
		{BB6A2D0A-8F30-4B8C-848F-EBFAB3AFD78F}.Release mtDLL PLOP.ActiveCfg = Release|Win32
		{BB6A2D0A-8F30-4B8C-848F-EBFAB3AFD78F}.Release mtDLL PLOP.Build.0 = Release|Win32
		{BB6A2D0A-8F30-4B8C-848F-EBFAB3AFD78F}.Release PLOP.ActiveCfg = Release|Win32
		{BB6A2D0A-8F30-4B8C-848F-EBFAB3AFD78F}.Release PLOP.Build.0 = Release|Win32
		{BB6A2D0A-8F30-4B8C-848F-EBFAB3AFD78F}.Release PLOP DLL.ActiveCfg = Release|Win32
		{BB6A2D0A-8F30-4B8C-848F-EBFAB3AFD78F}.Release PLOP DLL.Build.0 = Release|Win32
		{4CF3D0E3-0A63-4BA9-8962-044CBA99D41D}.Debug.ActiveCfg = perlAS56|Win32
		{4CF3D0E3-0A63-4BA9-8962-044CBA99D41D}.Debug.Build.0 = perlAS56|Win32
		{4CF3D0E3-0A63-4BA9-8962-044CBA99D41D}.Debug DLL.ActiveCfg = perlAS56|Win32
		{4CF3D0E3-0A63-4BA9-8962-044CBA99D41D}.Debug DLL.Build.0 = perlAS56|Win32
		{4CF3D0E3-0A63-4BA9-8962-044CBA99D41D}.Debug PLOP.ActiveCfg = perlAS56|Win32
		{4CF3D0E3-0A63-4BA9-8962-044CBA99D41D}.Debug PLOP.Build.0 = perlAS56|Win32
		{4CF3D0E3-0A63-4BA9-8962-044CBA99D41D}.Debug PLOP DLL.ActiveCfg = perlAS56|Win32
		{4CF3D0E3-0A63-4BA9-8962-044CBA99D41D}.Debug PLOP DLL.Build.0 = perlAS56|Win32
		{4CF3D0E3-0A63-4BA9-8962-044CBA99D41D}.oldpython.ActiveCfg = perlAS56|Win32
		{4CF3D0E3-0A63-4BA9-8962-044CBA99D41D}.oldpython.Build.0 = perlAS56|Win32
		{4CF3D0E3-0A63-4BA9-8962-044CBA99D41D}.perl5005.ActiveCfg = perl5005|Win32
		{4CF3D0E3-0A63-4BA9-8962-044CBA99D41D}.perl5005.Build.0 = perl5005|Win32
		{4CF3D0E3-0A63-4BA9-8962-044CBA99D41D}.perlAS56.ActiveCfg = perlAS56|Win32
		{4CF3D0E3-0A63-4BA9-8962-044CBA99D41D}.perlAS56.Build.0 = perlAS56|Win32
		{4CF3D0E3-0A63-4BA9-8962-044CBA99D41D}.perlAS58.ActiveCfg = perlAS58|Win32
		{4CF3D0E3-0A63-4BA9-8962-044CBA99D41D}.perlAS58.Build.0 = perlAS58|Win32
		{4CF3D0E3-0A63-4BA9-8962-044CBA99D41D}.python21.ActiveCfg = perlAS56|Win32
		{4CF3D0E3-0A63-4BA9-8962-044CBA99D41D}.python21.Build.0 = perlAS56|Win32
		{4CF3D0E3-0A63-4BA9-8962-044CBA99D41D}.python22.ActiveCfg = perlAS56|Win32
		{4CF3D0E3-0A63-4BA9-8962-044CBA99D41D}.python22.Build.0 = perlAS56|Win32
		{4CF3D0E3-0A63-4BA9-8962-044CBA99D41D}.python23.ActiveCfg = perlAS56|Win32
		{4CF3D0E3-0A63-4BA9-8962-044CBA99D41D}.python23.Build.0 = perlAS56|Win32
		{4CF3D0E3-0A63-4BA9-8962-044CBA99D41D}.python24.ActiveCfg = perlAS56|Win32
		{4CF3D0E3-0A63-4BA9-8962-044CBA99D41D}.python24.Build.0 = perlAS56|Win32
		{4CF3D0E3-0A63-4BA9-8962-044CBA99D41D}.Release.ActiveCfg = perlAS56|Win32
		{4CF3D0E3-0A63-4BA9-8962-044CBA99D41D}.Release.Build.0 = perlAS56|Win32
		{4CF3D0E3-0A63-4BA9-8962-044CBA99D41D}.Release DLL.ActiveCfg = perlAS56|Win32
		{4CF3D0E3-0A63-4BA9-8962-044CBA99D41D}.Release DLL.Build.0 = perlAS56|Win32
		{4CF3D0E3-0A63-4BA9-8962-044CBA99D41D}.Release mtDLL.ActiveCfg = perlAS56|Win32
		{4CF3D0E3-0A63-4BA9-8962-044CBA99D41D}.Release mtDLL.Build.0 = perlAS56|Win32
		{4CF3D0E3-0A63-4BA9-8962-044CBA99D41D}.Release mtDLL PLOP.ActiveCfg = perlAS56|Win32
		{4CF3D0E3-0A63-4BA9-8962-044CBA99D41D}.Release mtDLL PLOP.Build.0 = perlAS56|Win32
		{4CF3D0E3-0A63-4BA9-8962-044CBA99D41D}.Release PLOP.ActiveCfg = perlAS56|Win32
		{4CF3D0E3-0A63-4BA9-8962-044CBA99D41D}.Release PLOP.Build.0 = perlAS56|Win32
		{4CF3D0E3-0A63-4BA9-8962-044CBA99D41D}.Release PLOP DLL.ActiveCfg = perlAS56|Win32
		{4CF3D0E3-0A63-4BA9-8962-044CBA99D41D}.Release PLOP DLL.Build.0 = perlAS56|Win32
		{E734A1DD-D588-4A37-B525-7160BC070B96}.Debug.ActiveCfg = python24|Win32
		{E734A1DD-D588-4A37-B525-7160BC070B96}.Debug.Build.0 = python24|Win32
		{E734A1DD-D588-4A37-B525-7160BC070B96}.Debug DLL.ActiveCfg = python24|Win32
		{E734A1DD-D588-4A37-B525-7160BC070B96}.Debug DLL.Build.0 = python24|Win32
		{E734A1DD-D588-4A37-B525-7160BC070B96}.Debug PLOP.ActiveCfg = python24|Win32
		{E734A1DD-D588-4A37-B525-7160BC070B96}.Debug PLOP.Build.0 = python24|Win32
		{E734A1DD-D588-4A37-B525-7160BC070B96}.Debug PLOP DLL.ActiveCfg = python24|Win32
		{E734A1DD-D588-4A37-B525-7160BC070B96}.Debug PLOP DLL.Build.0 = python24|Win32
		{E734A1DD-D588-4A37-B525-7160BC070B96}.oldpython.ActiveCfg = oldpython|Win32
		{E734A1DD-D588-4A37-B525-7160BC070B96}.oldpython.Build.0 = oldpython|Win32
		{E734A1DD-D588-4A37-B525-7160BC070B96}.perl5005.ActiveCfg = python24|Win32
		{E734A1DD-D588-4A37-B525-7160BC070B96}.perl5005.Build.0 = python24|Win32
		{E734A1DD-D588-4A37-B525-7160BC070B96}.perlAS56.ActiveCfg = python24|Win32
		{E734A1DD-D588-4A37-B525-7160BC070B96}.perlAS56.Build.0 = python24|Win32
		{E734A1DD-D588-4A37-B525-7160BC070B96}.perlAS58.ActiveCfg = python24|Win32
		{E734A1DD-D588-4A37-B525-7160BC070B96}.perlAS58.Build.0 = python24|Win32
		{E734A1DD-D588-4A37-B525-7160BC070B96}.python21.ActiveCfg = python21|Win32
		{E734A1DD-D588-4A37-B525-7160BC070B96}.python21.Build.0 = python21|Win32
		{E734A1DD-D588-4A37-B525-7160BC070B96}.python22.ActiveCfg = python22|Win32
		{E734A1DD-D588-4A37-B525-7160BC070B96}.python22.Build.0 = python22|Win32
		{E734A1DD-D588-4A37-B525-7160BC070B96}.python23.ActiveCfg = python23|Win32
		{E734A1DD-D588-4A37-B525-7160BC070B96}.python23.Build.0 = python23|Win32
		{E734A1DD-D588-4A37-B525-7160BC070B96}.python24.ActiveCfg = python24|Win32
		{E734A1DD-D588-4A37-B525-7160BC070B96}.python24.Build.0 = python24|Win32
		{E734A1DD-D588-4A37-B525-7160BC070B96}.Release.ActiveCfg = Release|Win32
		{E734A1DD-D588-4A37-B525-7160BC070B96}.Release.Build.0 = Release|Win32
		{E734A1DD-D588-4A37-B525-7160BC070B96}.Release DLL.ActiveCfg = Release|Win32
		{E734A1DD-D588-4A37-B525-7160BC070B96}.Release DLL.Build.0 = Release|Win32
		{E734A1DD-D588-4A37-B525-7160BC070B96}.Release mtDLL.ActiveCfg = Release|Win32
		{E734A1DD-D588-4A37-B525-7160BC070B96}.Release mtDLL.Build.0 = Release|Win32
		{E734A1DD-D588-4A37-B525-7160BC070B96}.Release mtDLL PLOP.ActiveCfg = Release|Win32
		{E734A1DD-D588-4A37-B525-7160BC070B96}.Release mtDLL PLOP.Build.0 = Release|Win32
		{E734A1DD-D588-4A37-B525-7160BC070B96}.Release PLOP.ActiveCfg = Release|Win32
		{E734A1DD-D588-4A37-B525-7160BC070B96}.Release PLOP.Build.0 = Release|Win32
		{E734A1DD-D588-4A37-B525-7160BC070B96}.Release PLOP DLL.ActiveCfg = Release|Win32
		{E734A1DD-D588-4A37-B525-7160BC070B96}.Release PLOP DLL.Build.0 = Release|Win32
		{C31C83EF-183D-4471-A213-44CFD6725787}.Debug.ActiveCfg = Release|Win32
		{C31C83EF-183D-4471-A213-44CFD6725787}.Debug.Build.0 = Release|Win32
		{C31C83EF-183D-4471-A213-44CFD6725787}.Debug DLL.ActiveCfg = Release|Win32
		{C31C83EF-183D-4471-A213-44CFD6725787}.Debug DLL.Build.0 = Release|Win32
		{C31C83EF-183D-4471-A213-44CFD6725787}.Debug PLOP.ActiveCfg = Release|Win32
		{C31C83EF-183D-4471-A213-44CFD6725787}.Debug PLOP.Build.0 = Release|Win32
		{C31C83EF-183D-4471-A213-44CFD6725787}.Debug PLOP DLL.ActiveCfg = Release|Win32
		{C31C83EF-183D-4471-A213-44CFD6725787}.Debug PLOP DLL.Build.0 = Release|Win32
		{C31C83EF-183D-4471-A213-44CFD6725787}.oldpython.ActiveCfg = Release|Win32
		{C31C83EF-183D-4471-A213-44CFD6725787}.oldpython.Build.0 = Release|Win32
		{C31C83EF-183D-4471-A213-44CFD6725787}.perl5005.ActiveCfg = Release|Win32
		{C31C83EF-183D-4471-A213-44CFD6725787}.perl5005.Build.0 = Release|Win32
		{C31C83EF-183D-4471-A213-44CFD6725787}.perlAS56.ActiveCfg = Release|Win32
		{C31C83EF-183D-4471-A213-44CFD6725787}.perlAS56.Build.0 = Release|Win32
		{C31C83EF-183D-4471-A213-44CFD6725787}.perlAS58.ActiveCfg = Release|Win32
		{C31C83EF-183D-4471-A213-44CFD6725787}.perlAS58.Build.0 = Release|Win32
		{C31C83EF-183D-4471-A213-44CFD6725787}.python21.ActiveCfg = Release|Win32
		{C31C83EF-183D-4471-A213-44CFD6725787}.python21.Build.0 = Release|Win32
		{C31C83EF-183D-4471-A213-44CFD6725787}.python22.ActiveCfg = Release|Win32
		{C31C83EF-183D-4471-A213-44CFD6725787}.python22.Build.0 = Release|Win32
		{C31C83EF-183D-4471-A213-44CFD6725787}.python23.ActiveCfg = Release|Win32
		{C31C83EF-183D-4471-A213-44CFD6725787}.python23.Build.0 = Release|Win32
		{C31C83EF-183D-4471-A213-44CFD6725787}.python24.ActiveCfg = Release|Win32
		{C31C83EF-183D-4471-A213-44CFD6725787}.python24.Build.0 = Release|Win32
		{C31C83EF-183D-4471-A213-44CFD6725787}.Release.ActiveCfg = Release|Win32
		{C31C83EF-183D-4471-A213-44CFD6725787}.Release.Build.0 = Release|Win32
		{C31C83EF-183D-4471-A213-44CFD6725787}.Release DLL.ActiveCfg = Release|Win32
		{C31C83EF-183D-4471-A213-44CFD6725787}.Release DLL.Build.0 = Release|Win32
		{C31C83EF-183D-4471-A213-44CFD6725787}.Release mtDLL.ActiveCfg = Release mtDLL|Win32
		{C31C83EF-183D-4471-A213-44CFD6725787}.Release mtDLL.Build.0 = Release mtDLL|Win32
		{C31C83EF-183D-4471-A213-44CFD6725787}.Release mtDLL PLOP.ActiveCfg = Release mtDLL|Win32
		{C31C83EF-183D-4471-A213-44CFD6725787}.Release mtDLL PLOP.Build.0 = Release mtDLL|Win32
		{C31C83EF-183D-4471-A213-44CFD6725787}.Release PLOP.ActiveCfg = Release|Win32
		{C31C83EF-183D-4471-A213-44CFD6725787}.Release PLOP.Build.0 = Release|Win32
		{C31C83EF-183D-4471-A213-44CFD6725787}.Release PLOP DLL.ActiveCfg = Release|Win32
		{C31C83EF-183D-4471-A213-44CFD6725787}.Release PLOP DLL.Build.0 = Release|Win32
		{CB640360-EDEC-446E-A3B9-59EC36D49E06}.Debug.ActiveCfg = Debug|Win32
		{CB640360-EDEC-446E-A3B9-59EC36D49E06}.Debug.Build.0 = Debug|Win32
		{CB640360-EDEC-446E-A3B9-59EC36D49E06}.Debug DLL.ActiveCfg = Debug DLL|Win32
		{CB640360-EDEC-446E-A3B9-59EC36D49E06}.Debug DLL.Build.0 = Debug DLL|Win32
		{CB640360-EDEC-446E-A3B9-59EC36D49E06}.Debug PLOP.ActiveCfg = Debug PLOP|Win32
		{CB640360-EDEC-446E-A3B9-59EC36D49E06}.Debug PLOP.Build.0 = Debug PLOP|Win32
		{CB640360-EDEC-446E-A3B9-59EC36D49E06}.Debug PLOP DLL.ActiveCfg = Debug PLOP DLL|Win32
		{CB640360-EDEC-446E-A3B9-59EC36D49E06}.Debug PLOP DLL.Build.0 = Debug PLOP DLL|Win32
		{CB640360-EDEC-446E-A3B9-59EC36D49E06}.oldpython.ActiveCfg = Debug|Win32
		{CB640360-EDEC-446E-A3B9-59EC36D49E06}.oldpython.Build.0 = Debug|Win32
		{CB640360-EDEC-446E-A3B9-59EC36D49E06}.perl5005.ActiveCfg = Debug|Win32
		{CB640360-EDEC-446E-A3B9-59EC36D49E06}.perl5005.Build.0 = Debug|Win32
		{CB640360-EDEC-446E-A3B9-59EC36D49E06}.perlAS56.ActiveCfg = Debug|Win32
		{CB640360-EDEC-446E-A3B9-59EC36D49E06}.perlAS56.Build.0 = Debug|Win32
		{CB640360-EDEC-446E-A3B9-59EC36D49E06}.perlAS58.ActiveCfg = Debug|Win32
		{CB640360-EDEC-446E-A3B9-59EC36D49E06}.perlAS58.Build.0 = Debug|Win32
		{CB640360-EDEC-446E-A3B9-59EC36D49E06}.python21.ActiveCfg = Debug|Win32
		{CB640360-EDEC-446E-A3B9-59EC36D49E06}.python21.Build.0 = Debug|Win32
		{CB640360-EDEC-446E-A3B9-59EC36D49E06}.python22.ActiveCfg = Debug|Win32
		{CB640360-EDEC-446E-A3B9-59EC36D49E06}.python22.Build.0 = Debug|Win32
		{CB640360-EDEC-446E-A3B9-59EC36D49E06}.python23.ActiveCfg = Debug|Win32
		{CB640360-EDEC-446E-A3B9-59EC36D49E06}.python23.Build.0 = Debug|Win32
		{CB640360-EDEC-446E-A3B9-59EC36D49E06}.python24.ActiveCfg = Debug|Win32
		{CB640360-EDEC-446E-A3B9-59EC36D49E06}.python24.Build.0 = Debug|Win32
		{CB640360-EDEC-446E-A3B9-59EC36D49E06}.Release.ActiveCfg = Release|Win32
		{CB640360-EDEC-446E-A3B9-59EC36D49E06}.Release.Build.0 = Release|Win32
		{CB640360-EDEC-446E-A3B9-59EC36D49E06}.Release DLL.ActiveCfg = Release DLL|Win32
		{CB640360-EDEC-446E-A3B9-59EC36D49E06}.Release DLL.Build.0 = Release DLL|Win32
		{CB640360-EDEC-446E-A3B9-59EC36D49E06}.Release mtDLL.ActiveCfg = Release mtDLL|Win32
		{CB640360-EDEC-446E-A3B9-59EC36D49E06}.Release mtDLL.Build.0 = Release mtDLL|Win32
		{CB640360-EDEC-446E-A3B9-59EC36D49E06}.Release mtDLL PLOP.ActiveCfg = Release mtDLL PLOP|Win32
		{CB640360-EDEC-446E-A3B9-59EC36D49E06}.Release mtDLL PLOP.Build.0 = Release mtDLL PLOP|Win32
		{CB640360-EDEC-446E-A3B9-59EC36D49E06}.Release PLOP.ActiveCfg = Release PLOP|Win32
		{CB640360-EDEC-446E-A3B9-59EC36D49E06}.Release PLOP.Build.0 = Release PLOP|Win32
		{CB640360-EDEC-446E-A3B9-59EC36D49E06}.Release PLOP DLL.ActiveCfg = Release PLOP DLL|Win32
		{CB640360-EDEC-446E-A3B9-59EC36D49E06}.Release PLOP DLL.Build.0 = Release PLOP DLL|Win32
		{7465DADC-9B37-48A7-8385-94847A41B47D}.Debug.ActiveCfg = Debug|Win32
		{7465DADC-9B37-48A7-8385-94847A41B47D}.Debug.Build.0 = Debug|Win32
		{7465DADC-9B37-48A7-8385-94847A41B47D}.Debug DLL.ActiveCfg = Debug DLL|Win32
		{7465DADC-9B37-48A7-8385-94847A41B47D}.Debug DLL.Build.0 = Debug DLL|Win32
		{7465DADC-9B37-48A7-8385-94847A41B47D}.Debug PLOP.ActiveCfg = Debug PLOP|Win32
		{7465DADC-9B37-48A7-8385-94847A41B47D}.Debug PLOP.Build.0 = Debug PLOP|Win32
		{7465DADC-9B37-48A7-8385-94847A41B47D}.Debug PLOP DLL.ActiveCfg = Debug PLOP DLL|Win32
		{7465DADC-9B37-48A7-8385-94847A41B47D}.Debug PLOP DLL.Build.0 = Debug PLOP DLL|Win32
		{7465DADC-9B37-48A7-8385-94847A41B47D}.oldpython.ActiveCfg = Release PLOP|Win32
		{7465DADC-9B37-48A7-8385-94847A41B47D}.oldpython.Build.0 = Release PLOP|Win32
		{7465DADC-9B37-48A7-8385-94847A41B47D}.perl5005.ActiveCfg = Release PLOP|Win32
		{7465DADC-9B37-48A7-8385-94847A41B47D}.perl5005.Build.0 = Release PLOP|Win32
		{7465DADC-9B37-48A7-8385-94847A41B47D}.perlAS56.ActiveCfg = Release PLOP|Win32
		{7465DADC-9B37-48A7-8385-94847A41B47D}.perlAS56.Build.0 = Release PLOP|Win32
		{7465DADC-9B37-48A7-8385-94847A41B47D}.perlAS58.ActiveCfg = Release PLOP|Win32
		{7465DADC-9B37-48A7-8385-94847A41B47D}.perlAS58.Build.0 = Release PLOP|Win32
		{7465DADC-9B37-48A7-8385-94847A41B47D}.python21.ActiveCfg = Release PLOP|Win32
		{7465DADC-9B37-48A7-8385-94847A41B47D}.python21.Build.0 = Release PLOP|Win32
		{7465DADC-9B37-48A7-8385-94847A41B47D}.python22.ActiveCfg = Release PLOP|Win32
		{7465DADC-9B37-48A7-8385-94847A41B47D}.python22.Build.0 = Release PLOP|Win32
		{7465DADC-9B37-48A7-8385-94847A41B47D}.python23.ActiveCfg = Release PLOP|Win32
		{7465DADC-9B37-48A7-8385-94847A41B47D}.python23.Build.0 = Release PLOP|Win32
		{7465DADC-9B37-48A7-8385-94847A41B47D}.python24.ActiveCfg = Release PLOP|Win32
		{7465DADC-9B37-48A7-8385-94847A41B47D}.python24.Build.0 = Release PLOP|Win32
		{7465DADC-9B37-48A7-8385-94847A41B47D}.Release.ActiveCfg = Release|Win32
		{7465DADC-9B37-48A7-8385-94847A41B47D}.Release.Build.0 = Release|Win32
		{7465DADC-9B37-48A7-8385-94847A41B47D}.Release DLL.ActiveCfg = Release DLL|Win32
		{7465DADC-9B37-48A7-8385-94847A41B47D}.Release DLL.Build.0 = Release DLL|Win32
		{7465DADC-9B37-48A7-8385-94847A41B47D}.Release mtDLL.ActiveCfg = Release mtDLL|Win32
		{7465DADC-9B37-48A7-8385-94847A41B47D}.Release mtDLL.Build.0 = Release mtDLL|Win32
		{7465DADC-9B37-48A7-8385-94847A41B47D}.Release mtDLL PLOP.ActiveCfg = Release mtDLL PLOP|Win32
		{7465DADC-9B37-48A7-8385-94847A41B47D}.Release mtDLL PLOP.Build.0 = Release mtDLL PLOP|Win32
		{7465DADC-9B37-48A7-8385-94847A41B47D}.Release PLOP.ActiveCfg = Release PLOP|Win32
		{7465DADC-9B37-48A7-8385-94847A41B47D}.Release PLOP.Build.0 = Release PLOP|Win32
		{7465DADC-9B37-48A7-8385-94847A41B47D}.Release PLOP DLL.ActiveCfg = Release PLOP DLL|Win32
		{7465DADC-9B37-48A7-8385-94847A41B47D}.Release PLOP DLL.Build.0 = Release PLOP DLL|Win32
		{01D01C12-5AAB-4C7B-BEED-8CF2E29873BF}.Debug.ActiveCfg = Debug|Win32
		{01D01C12-5AAB-4C7B-BEED-8CF2E29873BF}.Debug.Build.0 = Debug|Win32
		{01D01C12-5AAB-4C7B-BEED-8CF2E29873BF}.Debug DLL.ActiveCfg = Debug DLL|Win32
		{01D01C12-5AAB-4C7B-BEED-8CF2E29873BF}.Debug DLL.Build.0 = Debug DLL|Win32
		{01D01C12-5AAB-4C7B-BEED-8CF2E29873BF}.Debug PLOP.ActiveCfg = Debug DLL|Win32
		{01D01C12-5AAB-4C7B-BEED-8CF2E29873BF}.Debug PLOP.Build.0 = Debug DLL|Win32
		{01D01C12-5AAB-4C7B-BEED-8CF2E29873BF}.Debug PLOP DLL.ActiveCfg = Debug DLL|Win32
		{01D01C12-5AAB-4C7B-BEED-8CF2E29873BF}.Debug PLOP DLL.Build.0 = Debug DLL|Win32
		{01D01C12-5AAB-4C7B-BEED-8CF2E29873BF}.oldpython.ActiveCfg = Release DLL|Win32
		{01D01C12-5AAB-4C7B-BEED-8CF2E29873BF}.oldpython.Build.0 = Release DLL|Win32
		{01D01C12-5AAB-4C7B-BEED-8CF2E29873BF}.perl5005.ActiveCfg = Release DLL|Win32
		{01D01C12-5AAB-4C7B-BEED-8CF2E29873BF}.perl5005.Build.0 = Release DLL|Win32
		{01D01C12-5AAB-4C7B-BEED-8CF2E29873BF}.perlAS56.ActiveCfg = Release DLL|Win32
		{01D01C12-5AAB-4C7B-BEED-8CF2E29873BF}.perlAS56.Build.0 = Release DLL|Win32
		{01D01C12-5AAB-4C7B-BEED-8CF2E29873BF}.perlAS58.ActiveCfg = Release DLL|Win32
		{01D01C12-5AAB-4C7B-BEED-8CF2E29873BF}.perlAS58.Build.0 = Release DLL|Win32
		{01D01C12-5AAB-4C7B-BEED-8CF2E29873BF}.python21.ActiveCfg = Release DLL|Win32
		{01D01C12-5AAB-4C7B-BEED-8CF2E29873BF}.python21.Build.0 = Release DLL|Win32
		{01D01C12-5AAB-4C7B-BEED-8CF2E29873BF}.python22.ActiveCfg = Release DLL|Win32
		{01D01C12-5AAB-4C7B-BEED-8CF2E29873BF}.python22.Build.0 = Release DLL|Win32
		{01D01C12-5AAB-4C7B-BEED-8CF2E29873BF}.python23.ActiveCfg = Release DLL|Win32
		{01D01C12-5AAB-4C7B-BEED-8CF2E29873BF}.python23.Build.0 = Release DLL|Win32
		{01D01C12-5AAB-4C7B-BEED-8CF2E29873BF}.python24.ActiveCfg = Release DLL|Win32
		{01D01C12-5AAB-4C7B-BEED-8CF2E29873BF}.python24.Build.0 = Release DLL|Win32
		{01D01C12-5AAB-4C7B-BEED-8CF2E29873BF}.Release.ActiveCfg = Release|Win32
		{01D01C12-5AAB-4C7B-BEED-8CF2E29873BF}.Release.Build.0 = Release|Win32
		{01D01C12-5AAB-4C7B-BEED-8CF2E29873BF}.Release DLL.ActiveCfg = Release DLL|Win32
		{01D01C12-5AAB-4C7B-BEED-8CF2E29873BF}.Release DLL.Build.0 = Release DLL|Win32
		{01D01C12-5AAB-4C7B-BEED-8CF2E29873BF}.Release mtDLL.ActiveCfg = Release mtDLL|Win32
		{01D01C12-5AAB-4C7B-BEED-8CF2E29873BF}.Release mtDLL.Build.0 = Release mtDLL|Win32
		{01D01C12-5AAB-4C7B-BEED-8CF2E29873BF}.Release mtDLL PLOP.ActiveCfg = Release mtDLL|Win32
		{01D01C12-5AAB-4C7B-BEED-8CF2E29873BF}.Release mtDLL PLOP.Build.0 = Release mtDLL|Win32
		{01D01C12-5AAB-4C7B-BEED-8CF2E29873BF}.Release PLOP.ActiveCfg = Release DLL|Win32
		{01D01C12-5AAB-4C7B-BEED-8CF2E29873BF}.Release PLOP.Build.0 = Release DLL|Win32
		{01D01C12-5AAB-4C7B-BEED-8CF2E29873BF}.Release PLOP DLL.ActiveCfg = Release DLL|Win32
		{01D01C12-5AAB-4C7B-BEED-8CF2E29873BF}.Release PLOP DLL.Build.0 = Release DLL|Win32
		{A8DC4248-1F62-4520-B72C-DD311C97726A}.Debug.ActiveCfg = Debug|Win32
		{A8DC4248-1F62-4520-B72C-DD311C97726A}.Debug.Build.0 = Debug|Win32
		{A8DC4248-1F62-4520-B72C-DD311C97726A}.Debug DLL.ActiveCfg = Debug|Win32
		{A8DC4248-1F62-4520-B72C-DD311C97726A}.Debug DLL.Build.0 = Debug|Win32
		{A8DC4248-1F62-4520-B72C-DD311C97726A}.Debug PLOP.ActiveCfg = Debug|Win32
		{A8DC4248-1F62-4520-B72C-DD311C97726A}.Debug PLOP.Build.0 = Debug|Win32
		{A8DC4248-1F62-4520-B72C-DD311C97726A}.Debug PLOP DLL.ActiveCfg = Debug|Win32
		{A8DC4248-1F62-4520-B72C-DD311C97726A}.Debug PLOP DLL.Build.0 = Debug|Win32
		{A8DC4248-1F62-4520-B72C-DD311C97726A}.oldpython.ActiveCfg = Release|Win32
		{A8DC4248-1F62-4520-B72C-DD311C97726A}.oldpython.Build.0 = Release|Win32
		{A8DC4248-1F62-4520-B72C-DD311C97726A}.perl5005.ActiveCfg = Release|Win32
		{A8DC4248-1F62-4520-B72C-DD311C97726A}.perl5005.Build.0 = Release|Win32
		{A8DC4248-1F62-4520-B72C-DD311C97726A}.perlAS56.ActiveCfg = Release|Win32
		{A8DC4248-1F62-4520-B72C-DD311C97726A}.perlAS56.Build.0 = Release|Win32
		{A8DC4248-1F62-4520-B72C-DD311C97726A}.perlAS58.ActiveCfg = Release|Win32
		{A8DC4248-1F62-4520-B72C-DD311C97726A}.perlAS58.Build.0 = Release|Win32
		{A8DC4248-1F62-4520-B72C-DD311C97726A}.python21.ActiveCfg = Release|Win32
		{A8DC4248-1F62-4520-B72C-DD311C97726A}.python21.Build.0 = Release|Win32
		{A8DC4248-1F62-4520-B72C-DD311C97726A}.python22.ActiveCfg = Release|Win32
		{A8DC4248-1F62-4520-B72C-DD311C97726A}.python22.Build.0 = Release|Win32
		{A8DC4248-1F62-4520-B72C-DD311C97726A}.python23.ActiveCfg = Release|Win32
		{A8DC4248-1F62-4520-B72C-DD311C97726A}.python23.Build.0 = Release|Win32
		{A8DC4248-1F62-4520-B72C-DD311C97726A}.python24.ActiveCfg = Release|Win32
		{A8DC4248-1F62-4520-B72C-DD311C97726A}.python24.Build.0 = Release|Win32
		{A8DC4248-1F62-4520-B72C-DD311C97726A}.Release.ActiveCfg = Release|Win32
		{A8DC4248-1F62-4520-B72C-DD311C97726A}.Release.Build.0 = Release|Win32
		{A8DC4248-1F62-4520-B72C-DD311C97726A}.Release DLL.ActiveCfg = Release|Win32
		{A8DC4248-1F62-4520-B72C-DD311C97726A}.Release DLL.Build.0 = Release|Win32
		{A8DC4248-1F62-4520-B72C-DD311C97726A}.Release mtDLL.ActiveCfg = Release mtDLL|Win32
		{A8DC4248-1F62-4520-B72C-DD311C97726A}.Release mtDLL.Build.0 = Release mtDLL|Win32
		{A8DC4248-1F62-4520-B72C-DD311C97726A}.Release mtDLL PLOP.ActiveCfg = Release mtDLL|Win32
		{A8DC4248-1F62-4520-B72C-DD311C97726A}.Release mtDLL PLOP.Build.0 = Release mtDLL|Win32
		{A8DC4248-1F62-4520-B72C-DD311C97726A}.Release PLOP.ActiveCfg = Release|Win32
		{A8DC4248-1F62-4520-B72C-DD311C97726A}.Release PLOP.Build.0 = Release|Win32
		{A8DC4248-1F62-4520-B72C-DD311C97726A}.Release PLOP DLL.ActiveCfg = Release|Win32
		{A8DC4248-1F62-4520-B72C-DD311C97726A}.Release PLOP DLL.Build.0 = Release|Win32
		{90BED406-D880-4A5A-803F-9D540345C62F}.Debug.ActiveCfg = Release|Win32
		{90BED406-D880-4A5A-803F-9D540345C62F}.Debug.Build.0 = Release|Win32
		{90BED406-D880-4A5A-803F-9D540345C62F}.Debug DLL.ActiveCfg = Release|Win32
		{90BED406-D880-4A5A-803F-9D540345C62F}.Debug DLL.Build.0 = Release|Win32
		{90BED406-D880-4A5A-803F-9D540345C62F}.Debug PLOP.ActiveCfg = Release|Win32
		{90BED406-D880-4A5A-803F-9D540345C62F}.Debug PLOP.Build.0 = Release|Win32
		{90BED406-D880-4A5A-803F-9D540345C62F}.Debug PLOP DLL.ActiveCfg = Release|Win32
		{90BED406-D880-4A5A-803F-9D540345C62F}.Debug PLOP DLL.Build.0 = Release|Win32
		{90BED406-D880-4A5A-803F-9D540345C62F}.oldpython.ActiveCfg = Release|Win32
		{90BED406-D880-4A5A-803F-9D540345C62F}.oldpython.Build.0 = Release|Win32
		{90BED406-D880-4A5A-803F-9D540345C62F}.perl5005.ActiveCfg = Release|Win32
		{90BED406-D880-4A5A-803F-9D540345C62F}.perl5005.Build.0 = Release|Win32
		{90BED406-D880-4A5A-803F-9D540345C62F}.perlAS56.ActiveCfg = Release|Win32
		{90BED406-D880-4A5A-803F-9D540345C62F}.perlAS56.Build.0 = Release|Win32
		{90BED406-D880-4A5A-803F-9D540345C62F}.perlAS58.ActiveCfg = Release|Win32
		{90BED406-D880-4A5A-803F-9D540345C62F}.perlAS58.Build.0 = Release|Win32
		{90BED406-D880-4A5A-803F-9D540345C62F}.python21.ActiveCfg = Release|Win32
		{90BED406-D880-4A5A-803F-9D540345C62F}.python21.Build.0 = Release|Win32
		{90BED406-D880-4A5A-803F-9D540345C62F}.python22.ActiveCfg = Release|Win32
		{90BED406-D880-4A5A-803F-9D540345C62F}.python22.Build.0 = Release|Win32
		{90BED406-D880-4A5A-803F-9D540345C62F}.python23.ActiveCfg = Release|Win32
		{90BED406-D880-4A5A-803F-9D540345C62F}.python23.Build.0 = Release|Win32
		{90BED406-D880-4A5A-803F-9D540345C62F}.python24.ActiveCfg = Release|Win32
		{90BED406-D880-4A5A-803F-9D540345C62F}.python24.Build.0 = Release|Win32
		{90BED406-D880-4A5A-803F-9D540345C62F}.Release.ActiveCfg = Release|Win32
		{90BED406-D880-4A5A-803F-9D540345C62F}.Release.Build.0 = Release|Win32
		{90BED406-D880-4A5A-803F-9D540345C62F}.Release DLL.ActiveCfg = Release|Win32
		{90BED406-D880-4A5A-803F-9D540345C62F}.Release DLL.Build.0 = Release|Win32
		{90BED406-D880-4A5A-803F-9D540345C62F}.Release mtDLL.ActiveCfg = Release|Win32
		{90BED406-D880-4A5A-803F-9D540345C62F}.Release mtDLL.Build.0 = Release|Win32
		{90BED406-D880-4A5A-803F-9D540345C62F}.Release mtDLL PLOP.ActiveCfg = Release|Win32
		{90BED406-D880-4A5A-803F-9D540345C62F}.Release mtDLL PLOP.Build.0 = Release|Win32
		{90BED406-D880-4A5A-803F-9D540345C62F}.Release PLOP.ActiveCfg = Release|Win32
		{90BED406-D880-4A5A-803F-9D540345C62F}.Release PLOP.Build.0 = Release|Win32
		{90BED406-D880-4A5A-803F-9D540345C62F}.Release PLOP DLL.ActiveCfg = Release|Win32
		{90BED406-D880-4A5A-803F-9D540345C62F}.Release PLOP DLL.Build.0 = Release|Win32
		{45C46983-75F8-4FF3-90DD-E0112CA802C6}.Debug.ActiveCfg = Debug|Win32
		{45C46983-75F8-4FF3-90DD-E0112CA802C6}.Debug.Build.0 = Debug|Win32
		{45C46983-75F8-4FF3-90DD-E0112CA802C6}.Debug DLL.ActiveCfg = Debug DLL|Win32
		{45C46983-75F8-4FF3-90DD-E0112CA802C6}.Debug DLL.Build.0 = Debug DLL|Win32
		{45C46983-75F8-4FF3-90DD-E0112CA802C6}.Debug PLOP.ActiveCfg = Debug DLL|Win32
		{45C46983-75F8-4FF3-90DD-E0112CA802C6}.Debug PLOP.Build.0 = Debug DLL|Win32
		{45C46983-75F8-4FF3-90DD-E0112CA802C6}.Debug PLOP DLL.ActiveCfg = Debug DLL|Win32
		{45C46983-75F8-4FF3-90DD-E0112CA802C6}.Debug PLOP DLL.Build.0 = Debug DLL|Win32
		{45C46983-75F8-4FF3-90DD-E0112CA802C6}.oldpython.ActiveCfg = Debug DLL|Win32
		{45C46983-75F8-4FF3-90DD-E0112CA802C6}.oldpython.Build.0 = Debug DLL|Win32
		{45C46983-75F8-4FF3-90DD-E0112CA802C6}.perl5005.ActiveCfg = Debug DLL|Win32
		{45C46983-75F8-4FF3-90DD-E0112CA802C6}.perl5005.Build.0 = Debug DLL|Win32
		{45C46983-75F8-4FF3-90DD-E0112CA802C6}.perlAS56.ActiveCfg = Debug DLL|Win32
		{45C46983-75F8-4FF3-90DD-E0112CA802C6}.perlAS56.Build.0 = Debug DLL|Win32
		{45C46983-75F8-4FF3-90DD-E0112CA802C6}.perlAS58.ActiveCfg = Debug DLL|Win32
		{45C46983-75F8-4FF3-90DD-E0112CA802C6}.perlAS58.Build.0 = Debug DLL|Win32
		{45C46983-75F8-4FF3-90DD-E0112CA802C6}.python21.ActiveCfg = Debug DLL|Win32
		{45C46983-75F8-4FF3-90DD-E0112CA802C6}.python21.Build.0 = Debug DLL|Win32
		{45C46983-75F8-4FF3-90DD-E0112CA802C6}.python22.ActiveCfg = Debug DLL|Win32
		{45C46983-75F8-4FF3-90DD-E0112CA802C6}.python22.Build.0 = Debug DLL|Win32
		{45C46983-75F8-4FF3-90DD-E0112CA802C6}.python23.ActiveCfg = Debug DLL|Win32
		{45C46983-75F8-4FF3-90DD-E0112CA802C6}.python23.Build.0 = Debug DLL|Win32
		{45C46983-75F8-4FF3-90DD-E0112CA802C6}.python24.ActiveCfg = Debug DLL|Win32
		{45C46983-75F8-4FF3-90DD-E0112CA802C6}.python24.Build.0 = Debug DLL|Win32
		{45C46983-75F8-4FF3-90DD-E0112CA802C6}.Release.ActiveCfg = Release|Win32
		{45C46983-75F8-4FF3-90DD-E0112CA802C6}.Release.Build.0 = Release|Win32
		{45C46983-75F8-4FF3-90DD-E0112CA802C6}.Release DLL.ActiveCfg = Release DLL|Win32
		{45C46983-75F8-4FF3-90DD-E0112CA802C6}.Release DLL.Build.0 = Release DLL|Win32
		{45C46983-75F8-4FF3-90DD-E0112CA802C6}.Release mtDLL.ActiveCfg = Release mtDLL|Win32
		{45C46983-75F8-4FF3-90DD-E0112CA802C6}.Release mtDLL.Build.0 = Release mtDLL|Win32
		{45C46983-75F8-4FF3-90DD-E0112CA802C6}.Release mtDLL PLOP.ActiveCfg = Release mtDLL|Win32
		{45C46983-75F8-4FF3-90DD-E0112CA802C6}.Release mtDLL PLOP.Build.0 = Release mtDLL|Win32
		{45C46983-75F8-4FF3-90DD-E0112CA802C6}.Release PLOP.ActiveCfg = Release DLL|Win32
		{45C46983-75F8-4FF3-90DD-E0112CA802C6}.Release PLOP.Build.0 = Release DLL|Win32
		{45C46983-75F8-4FF3-90DD-E0112CA802C6}.Release PLOP DLL.ActiveCfg = Release DLL|Win32
		{45C46983-75F8-4FF3-90DD-E0112CA802C6}.Release PLOP DLL.Build.0 = Release DLL|Win32
		{5F83920A-7419-4C99-9AF2-919B22D023E9}.Debug.ActiveCfg = Debug|Win32
		{5F83920A-7419-4C99-9AF2-919B22D023E9}.Debug.Build.0 = Debug|Win32
		{5F83920A-7419-4C99-9AF2-919B22D023E9}.Debug DLL.ActiveCfg = Debug DLL|Win32
		{5F83920A-7419-4C99-9AF2-919B22D023E9}.Debug DLL.Build.0 = Debug DLL|Win32
		{5F83920A-7419-4C99-9AF2-919B22D023E9}.Debug PLOP.ActiveCfg = Debug DLL|Win32
		{5F83920A-7419-4C99-9AF2-919B22D023E9}.Debug PLOP.Build.0 = Debug DLL|Win32
		{5F83920A-7419-4C99-9AF2-919B22D023E9}.Debug PLOP DLL.ActiveCfg = Debug DLL|Win32
		{5F83920A-7419-4C99-9AF2-919B22D023E9}.Debug PLOP DLL.Build.0 = Debug DLL|Win32
		{5F83920A-7419-4C99-9AF2-919B22D023E9}.oldpython.ActiveCfg = Release mtDLL|Win32
		{5F83920A-7419-4C99-9AF2-919B22D023E9}.oldpython.Build.0 = Release mtDLL|Win32
		{5F83920A-7419-4C99-9AF2-919B22D023E9}.perl5005.ActiveCfg = Release mtDLL|Win32
		{5F83920A-7419-4C99-9AF2-919B22D023E9}.perl5005.Build.0 = Release mtDLL|Win32
		{5F83920A-7419-4C99-9AF2-919B22D023E9}.perlAS56.ActiveCfg = Release mtDLL|Win32
		{5F83920A-7419-4C99-9AF2-919B22D023E9}.perlAS56.Build.0 = Release mtDLL|Win32
		{5F83920A-7419-4C99-9AF2-919B22D023E9}.perlAS58.ActiveCfg = Release mtDLL|Win32
		{5F83920A-7419-4C99-9AF2-919B22D023E9}.perlAS58.Build.0 = Release mtDLL|Win32
		{5F83920A-7419-4C99-9AF2-919B22D023E9}.python21.ActiveCfg = Release mtDLL|Win32
		{5F83920A-7419-4C99-9AF2-919B22D023E9}.python21.Build.0 = Release mtDLL|Win32
		{5F83920A-7419-4C99-9AF2-919B22D023E9}.python22.ActiveCfg = Release mtDLL|Win32
		{5F83920A-7419-4C99-9AF2-919B22D023E9}.python22.Build.0 = Release mtDLL|Win32
		{5F83920A-7419-4C99-9AF2-919B22D023E9}.python23.ActiveCfg = Release mtDLL|Win32
		{5F83920A-7419-4C99-9AF2-919B22D023E9}.python23.Build.0 = Release mtDLL|Win32
		{5F83920A-7419-4C99-9AF2-919B22D023E9}.python24.ActiveCfg = Release mtDLL|Win32
		{5F83920A-7419-4C99-9AF2-919B22D023E9}.python24.Build.0 = Release mtDLL|Win32
		{5F83920A-7419-4C99-9AF2-919B22D023E9}.Release.ActiveCfg = Release|Win32
		{5F83920A-7419-4C99-9AF2-919B22D023E9}.Release.Build.0 = Release|Win32
		{5F83920A-7419-4C99-9AF2-919B22D023E9}.Release DLL.ActiveCfg = Release DLL|Win32
		{5F83920A-7419-4C99-9AF2-919B22D023E9}.Release DLL.Build.0 = Release DLL|Win32
		{5F83920A-7419-4C99-9AF2-919B22D023E9}.Release mtDLL.ActiveCfg = Release mtDLL|Win32
		{5F83920A-7419-4C99-9AF2-919B22D023E9}.Release mtDLL.Build.0 = Release mtDLL|Win32
		{5F83920A-7419-4C99-9AF2-919B22D023E9}.Release mtDLL PLOP.ActiveCfg = Release mtDLL|Win32
		{5F83920A-7419-4C99-9AF2-919B22D023E9}.Release mtDLL PLOP.Build.0 = Release mtDLL|Win32
		{5F83920A-7419-4C99-9AF2-919B22D023E9}.Release PLOP.ActiveCfg = Release mtDLL|Win32
		{5F83920A-7419-4C99-9AF2-919B22D023E9}.Release PLOP.Build.0 = Release mtDLL|Win32
		{5F83920A-7419-4C99-9AF2-919B22D023E9}.Release PLOP DLL.ActiveCfg = Release mtDLL|Win32
		{5F83920A-7419-4C99-9AF2-919B22D023E9}.Release PLOP DLL.Build.0 = Release mtDLL|Win32
		{34B07347-D81F-425E-9299-ED6FE9B25020}.Debug.ActiveCfg = Debug|Win32
		{34B07347-D81F-425E-9299-ED6FE9B25020}.Debug.Build.0 = Debug|Win32
		{34B07347-D81F-425E-9299-ED6FE9B25020}.Debug DLL.ActiveCfg = Debug DLL|Win32
		{34B07347-D81F-425E-9299-ED6FE9B25020}.Debug DLL.Build.0 = Debug DLL|Win32
		{34B07347-D81F-425E-9299-ED6FE9B25020}.Debug PLOP.ActiveCfg = Debug DLL|Win32
		{34B07347-D81F-425E-9299-ED6FE9B25020}.Debug PLOP.Build.0 = Debug DLL|Win32
		{34B07347-D81F-425E-9299-ED6FE9B25020}.Debug PLOP DLL.ActiveCfg = Debug DLL|Win32
		{34B07347-D81F-425E-9299-ED6FE9B25020}.Debug PLOP DLL.Build.0 = Debug DLL|Win32
		{34B07347-D81F-425E-9299-ED6FE9B25020}.oldpython.ActiveCfg = Release mtDLL|Win32
		{34B07347-D81F-425E-9299-ED6FE9B25020}.oldpython.Build.0 = Release mtDLL|Win32
		{34B07347-D81F-425E-9299-ED6FE9B25020}.perl5005.ActiveCfg = Release mtDLL|Win32
		{34B07347-D81F-425E-9299-ED6FE9B25020}.perl5005.Build.0 = Release mtDLL|Win32
		{34B07347-D81F-425E-9299-ED6FE9B25020}.perlAS56.ActiveCfg = Release mtDLL|Win32
		{34B07347-D81F-425E-9299-ED6FE9B25020}.perlAS56.Build.0 = Release mtDLL|Win32
		{34B07347-D81F-425E-9299-ED6FE9B25020}.perlAS58.ActiveCfg = Release mtDLL|Win32
		{34B07347-D81F-425E-9299-ED6FE9B25020}.perlAS58.Build.0 = Release mtDLL|Win32
		{34B07347-D81F-425E-9299-ED6FE9B25020}.python21.ActiveCfg = Release mtDLL|Win32
		{34B07347-D81F-425E-9299-ED6FE9B25020}.python21.Build.0 = Release mtDLL|Win32
		{34B07347-D81F-425E-9299-ED6FE9B25020}.python22.ActiveCfg = Release mtDLL|Win32
		{34B07347-D81F-425E-9299-ED6FE9B25020}.python22.Build.0 = Release mtDLL|Win32
		{34B07347-D81F-425E-9299-ED6FE9B25020}.python23.ActiveCfg = Release mtDLL|Win32
		{34B07347-D81F-425E-9299-ED6FE9B25020}.python23.Build.0 = Release mtDLL|Win32
		{34B07347-D81F-425E-9299-ED6FE9B25020}.python24.ActiveCfg = Release mtDLL|Win32
		{34B07347-D81F-425E-9299-ED6FE9B25020}.python24.Build.0 = Release mtDLL|Win32
		{34B07347-D81F-425E-9299-ED6FE9B25020}.Release.ActiveCfg = Release|Win32
		{34B07347-D81F-425E-9299-ED6FE9B25020}.Release.Build.0 = Release|Win32
		{34B07347-D81F-425E-9299-ED6FE9B25020}.Release DLL.ActiveCfg = Release DLL|Win32
		{34B07347-D81F-425E-9299-ED6FE9B25020}.Release DLL.Build.0 = Release DLL|Win32
		{34B07347-D81F-425E-9299-ED6FE9B25020}.Release mtDLL.ActiveCfg = Release mtDLL|Win32
		{34B07347-D81F-425E-9299-ED6FE9B25020}.Release mtDLL.Build.0 = Release mtDLL|Win32
		{34B07347-D81F-425E-9299-ED6FE9B25020}.Release mtDLL PLOP.ActiveCfg = Release mtDLL|Win32
		{34B07347-D81F-425E-9299-ED6FE9B25020}.Release mtDLL PLOP.Build.0 = Release mtDLL|Win32
		{34B07347-D81F-425E-9299-ED6FE9B25020}.Release PLOP.ActiveCfg = Release mtDLL|Win32
		{34B07347-D81F-425E-9299-ED6FE9B25020}.Release PLOP.Build.0 = Release mtDLL|Win32
		{34B07347-D81F-425E-9299-ED6FE9B25020}.Release PLOP DLL.ActiveCfg = Release mtDLL|Win32
		{34B07347-D81F-425E-9299-ED6FE9B25020}.Release PLOP DLL.Build.0 = Release mtDLL|Win32
	EndGlobalSection
	GlobalSection(ExtensibilityGlobals) = postSolution
	EndGlobalSection
	GlobalSection(ExtensibilityAddIns) = postSolution
	EndGlobalSection
EndGlobal
