
Microsoft Visual Studio Solution File, Format Version 10.00
# Visual Studio 2008
Project("{8BC9CEB8-8B4A-11D0-8D11-00A0C91BC942}") = "2009-10-20testPrinterServer", "2009-10-20testPrinterServer\2009-10-20testPrinterServer.vcproj", "{ABA76DB2-FF43-458A-8D8A-D09F69F725AE}"
EndProject
Global
	GlobalSection(SolutionConfigurationPlatforms) = preSolution
		Debug|Win32 = Debug|Win32
		Release|Win32 = Release|Win32
	EndGlobalSection
	GlobalSection(ProjectConfigurationPlatforms) = postSolution
		{ABA76DB2-FF43-458A-8D8A-D09F69F725AE}.Debug|Win32.ActiveCfg = Debug|Win32
		{ABA76DB2-FF43-458A-8D8A-D09F69F725AE}.Debug|Win32.Build.0 = Debug|Win32
		{ABA76DB2-FF43-458A-8D8A-D09F69F725AE}.Release|Win32.ActiveCfg = Release|Win32
		{ABA76DB2-FF43-458A-8D8A-D09F69F725AE}.Release|Win32.Build.0 = Release|Win32
	EndGlobalSection
	GlobalSection(SolutionProperties) = preSolution
		HideSolutionNode = FALSE
	EndGlobalSection
EndGlobal
