
Microsoft Visual Studio Solution File, Format Version 9.00
# Visual Studio 2005
Project("{8BC9CEB8-8B4A-11D0-8D11-00A0C91BC942}") = "FormtestDLL", "FormtestDLL\FormtestDLL.vcproj", "{F452EE70-6AB1-4B79-ABD6-44EC9780989F}"
EndProject
Global
	GlobalSection(SolutionConfigurationPlatforms) = preSolution
		Debug|Win32 = Debug|Win32
		Release|Win32 = Release|Win32
	EndGlobalSection
	GlobalSection(ProjectConfigurationPlatforms) = postSolution
		{F452EE70-6AB1-4B79-ABD6-44EC9780989F}.Debug|Win32.ActiveCfg = Debug|Win32
		{F452EE70-6AB1-4B79-ABD6-44EC9780989F}.Debug|Win32.Build.0 = Debug|Win32
		{F452EE70-6AB1-4B79-ABD6-44EC9780989F}.Release|Win32.ActiveCfg = Release|Win32
		{F452EE70-6AB1-4B79-ABD6-44EC9780989F}.Release|Win32.Build.0 = Release|Win32
	EndGlobalSection
	GlobalSection(SolutionProperties) = preSolution
		HideSolutionNode = FALSE
	EndGlobalSection
EndGlobal
