
Microsoft Visual Studio Solution File, Format Version 11.00
# Visual C# Express 2010
Project("{FAE04EC0-301F-11D3-BF4B-00C04F79EFBC}") = "SYWCardLib_CS_test", "SYWCardLib_CS_test\SYWCardLib_CS_test.csproj", "{ABA665A8-69FD-4110-B8D9-B80AC425D301}"
EndProject
Global
	GlobalSection(SolutionConfigurationPlatforms) = preSolution
		Debug|x86 = Debug|x86
		Release|x86 = Release|x86
	EndGlobalSection
	GlobalSection(ProjectConfigurationPlatforms) = postSolution
		{ABA665A8-69FD-4110-B8D9-B80AC425D301}.Debug|x86.ActiveCfg = Debug|x86
		{ABA665A8-69FD-4110-B8D9-B80AC425D301}.Debug|x86.Build.0 = Debug|x86
		{ABA665A8-69FD-4110-B8D9-B80AC425D301}.Release|x86.ActiveCfg = Release|x86
		{ABA665A8-69FD-4110-B8D9-B80AC425D301}.Release|x86.Build.0 = Release|x86
	EndGlobalSection
	GlobalSection(SolutionProperties) = preSolution
		HideSolutionNode = FALSE
	EndGlobalSection
EndGlobal
