
Microsoft Visual Studio Solution File, Format Version 10.00
# Visual Studio 2008
Project("{8BC9CEB8-8B4A-11D0-8D11-00A0C91BC942}") = "ANSI2Unicode_File", "ANSI2Unicode_File\ANSI2Unicode_File.vcproj", "{C6F9D589-9E4F-4AB8-9DE2-E71E1C8C3105}"
EndProject
Global
	GlobalSection(SolutionConfigurationPlatforms) = preSolution
		Debug|Win32 = Debug|Win32
		Release|Win32 = Release|Win32
	EndGlobalSection
	GlobalSection(ProjectConfigurationPlatforms) = postSolution
		{C6F9D589-9E4F-4AB8-9DE2-E71E1C8C3105}.Debug|Win32.ActiveCfg = Debug|Win32
		{C6F9D589-9E4F-4AB8-9DE2-E71E1C8C3105}.Debug|Win32.Build.0 = Debug|Win32
		{C6F9D589-9E4F-4AB8-9DE2-E71E1C8C3105}.Release|Win32.ActiveCfg = Release|Win32
		{C6F9D589-9E4F-4AB8-9DE2-E71E1C8C3105}.Release|Win32.Build.0 = Release|Win32
	EndGlobalSection
	GlobalSection(SolutionProperties) = preSolution
		HideSolutionNode = FALSE
	EndGlobalSection
EndGlobal
