
Microsoft Visual Studio Solution File, Format Version 10.00
# Visual Studio 2008
Project("{8BC9CEB8-8B4A-11D0-8D11-00A0C91BC942}") = "ChangeDesktop", "ChangeDesktop.vcproj", "{C60FE1D0-08CE-48F3-8ED8-A381E6DA3F46}"
EndProject
Project("{54435603-DBB4-11D2-8724-00A0C9A8B90C}") = "Setup_ChangeDesktop", "Setup_ChangeDesktop\Setup_ChangeDesktop.vdproj", "{A866408C-50F4-4BF6-B800-7751AFE2AF5C}"
EndProject
Global
	GlobalSection(SolutionConfigurationPlatforms) = preSolution
		Debug|Win32 = Debug|Win32
		Release|Win32 = Release|Win32
	EndGlobalSection
	GlobalSection(ProjectConfigurationPlatforms) = postSolution
		{C60FE1D0-08CE-48F3-8ED8-A381E6DA3F46}.Debug|Win32.ActiveCfg = Debug|Win32
		{C60FE1D0-08CE-48F3-8ED8-A381E6DA3F46}.Debug|Win32.Build.0 = Debug|Win32
		{C60FE1D0-08CE-48F3-8ED8-A381E6DA3F46}.Release|Win32.ActiveCfg = Release|Win32
		{C60FE1D0-08CE-48F3-8ED8-A381E6DA3F46}.Release|Win32.Build.0 = Release|Win32
		{A866408C-50F4-4BF6-B800-7751AFE2AF5C}.Debug|Win32.ActiveCfg = Debug
		{A866408C-50F4-4BF6-B800-7751AFE2AF5C}.Release|Win32.ActiveCfg = Release
	EndGlobalSection
	GlobalSection(SolutionProperties) = preSolution
		HideSolutionNode = FALSE
	EndGlobalSection
EndGlobal
