Microsoft Visual Studio Solution File, Format Version 8.00
Project("{8BC9CEB8-8B4A-11D0-8D11-00A0C91BC942}") = "businesscard", "businesscard.vcproj", "{25A5EA7A-0031-4DCB-A500-725092CD5CCE}"
	ProjectSection(ProjectDependencies) = postProject
	EndProjectSection
EndProject
Project("{8BC9CEB8-8B4A-11D0-8D11-00A0C91BC942}") = "chartab", "chartab.vcproj", "{7252EAAE-202C-43CB-A7C5-0F6DA3972BBC}"
	ProjectSection(ProjectDependencies) = postProject
	EndProjectSection
EndProject
Project("{8BC9CEB8-8B4A-11D0-8D11-00A0C91BC942}") = "hello", "hello.vcproj", "{186CC885-2C32-4DFE-8312-B9694F27CA36}"
	ProjectSection(ProjectDependencies) = postProject
	EndProjectSection
EndProject
Project("{8BC9CEB8-8B4A-11D0-8D11-00A0C91BC942}") = "image", "image.vcproj", "{BFF9E833-F43D-4B07-BFDE-F6D3B04F88EE}"
	ProjectSection(ProjectDependencies) = postProject
	EndProjectSection
EndProject
Project("{8BC9CEB8-8B4A-11D0-8D11-00A0C91BC942}") = "invoice", "invoice.vcproj", "{E4BACBAF-C4E6-4617-B968-EAA23D6D273A}"
	ProjectSection(ProjectDependencies) = postProject
	EndProjectSection
EndProject
Project("{8BC9CEB8-8B4A-11D0-8D11-00A0C91BC942}") = "pdfclock", "pdfclock.vcproj", "{97C4852D-B967-45CD-886A-7727C8AD832E}"
	ProjectSection(ProjectDependencies) = postProject
	EndProjectSection
EndProject
Project("{8BC9CEB8-8B4A-11D0-8D11-00A0C91BC942}") = "quickreference", "quickreference.vcproj", "{7EB78B08-162F-45C0-8374-8246B335A6BE}"
	ProjectSection(ProjectDependencies) = postProject
	EndProjectSection
EndProject
Global
	GlobalSection(SolutionConfiguration) = preSolution
		Debug = Debug
		Release = Release
	EndGlobalSection
	GlobalSection(ProjectConfiguration) = postSolution
		{25A5EA7A-0031-4DCB-A500-725092CD5CCE}.Debug.ActiveCfg = Debug|Win32
		{25A5EA7A-0031-4DCB-A500-725092CD5CCE}.Debug.Build.0 = Debug|Win32
		{25A5EA7A-0031-4DCB-A500-725092CD5CCE}.Release.ActiveCfg = Release|Win32
		{25A5EA7A-0031-4DCB-A500-725092CD5CCE}.Release.Build.0 = Release|Win32
		{7252EAAE-202C-43CB-A7C5-0F6DA3972BBC}.Debug.ActiveCfg = Debug|Win32
		{7252EAAE-202C-43CB-A7C5-0F6DA3972BBC}.Debug.Build.0 = Debug|Win32
		{7252EAAE-202C-43CB-A7C5-0F6DA3972BBC}.Release.ActiveCfg = Release|Win32
		{7252EAAE-202C-43CB-A7C5-0F6DA3972BBC}.Release.Build.0 = Release|Win32
		{186CC885-2C32-4DFE-8312-B9694F27CA36}.Debug.ActiveCfg = Debug|Win32
		{186CC885-2C32-4DFE-8312-B9694F27CA36}.Debug.Build.0 = Debug|Win32
		{186CC885-2C32-4DFE-8312-B9694F27CA36}.Release.ActiveCfg = Release|Win32
		{186CC885-2C32-4DFE-8312-B9694F27CA36}.Release.Build.0 = Release|Win32
		{BFF9E833-F43D-4B07-BFDE-F6D3B04F88EE}.Debug.ActiveCfg = Debug|Win32
		{BFF9E833-F43D-4B07-BFDE-F6D3B04F88EE}.Debug.Build.0 = Debug|Win32
		{BFF9E833-F43D-4B07-BFDE-F6D3B04F88EE}.Release.ActiveCfg = Release|Win32
		{BFF9E833-F43D-4B07-BFDE-F6D3B04F88EE}.Release.Build.0 = Release|Win32
		{E4BACBAF-C4E6-4617-B968-EAA23D6D273A}.Debug.ActiveCfg = Debug|Win32
		{E4BACBAF-C4E6-4617-B968-EAA23D6D273A}.Debug.Build.0 = Debug|Win32
		{E4BACBAF-C4E6-4617-B968-EAA23D6D273A}.Release.ActiveCfg = Release|Win32
		{E4BACBAF-C4E6-4617-B968-EAA23D6D273A}.Release.Build.0 = Release|Win32
		{97C4852D-B967-45CD-886A-7727C8AD832E}.Debug.ActiveCfg = Debug|Win32
		{97C4852D-B967-45CD-886A-7727C8AD832E}.Debug.Build.0 = Debug|Win32
		{97C4852D-B967-45CD-886A-7727C8AD832E}.Release.ActiveCfg = Release|Win32
		{97C4852D-B967-45CD-886A-7727C8AD832E}.Release.Build.0 = Release|Win32
		{7EB78B08-162F-45C0-8374-8246B335A6BE}.Debug.ActiveCfg = Debug|Win32
		{7EB78B08-162F-45C0-8374-8246B335A6BE}.Debug.Build.0 = Debug|Win32
		{7EB78B08-162F-45C0-8374-8246B335A6BE}.Release.ActiveCfg = Release|Win32
		{7EB78B08-162F-45C0-8374-8246B335A6BE}.Release.Build.0 = Release|Win32
	EndGlobalSection
	GlobalSection(ExtensibilityGlobals) = postSolution
	EndGlobalSection
	GlobalSection(ExtensibilityAddIns) = postSolution
	EndGlobalSection
EndGlobal
