
Microsoft Visual Studio Solution File, Format Version 11.00
# Visual Studio 2010
Project("{8BC9CEB8-8B4A-11D0-8D11-00A0C91BC942}") = "MFC_configuring_Firewalls", "MFC_configuring_Firewalls\MFC_configuring_Firewalls.vcxproj", "{54FB1DF9-D298-4742-91BA-C22E985C2D48}"
EndProject
Global
	GlobalSection(SolutionConfigurationPlatforms) = preSolution
		Debug|Win32 = Debug|Win32
		Release|Win32 = Release|Win32
	EndGlobalSection
	GlobalSection(ProjectConfigurationPlatforms) = postSolution
		{54FB1DF9-D298-4742-91BA-C22E985C2D48}.Debug|Win32.ActiveCfg = Debug|Win32
		{54FB1DF9-D298-4742-91BA-C22E985C2D48}.Debug|Win32.Build.0 = Debug|Win32
		{54FB1DF9-D298-4742-91BA-C22E985C2D48}.Release|Win32.ActiveCfg = Release|Win32
		{54FB1DF9-D298-4742-91BA-C22E985C2D48}.Release|Win32.Build.0 = Release|Win32
	EndGlobalSection
	GlobalSection(SolutionProperties) = preSolution
		HideSolutionNode = FALSE
	EndGlobalSection
EndGlobal
