Microsoft Visual Studio Solution File, Format Version 8.00
Project("{8BC9CEB8-8B4A-11D0-8D11-00A0C91BC942}") = "businesscard", "businesscard.vcproj", "{762C3BC8-6EE9-4E24-AB3A-C6764A030BE0}"
	ProjectSection(ProjectDependencies) = postProject
	EndProjectSection
EndProject
Project("{8BC9CEB8-8B4A-11D0-8D11-00A0C91BC942}") = "chartab", "chartab.vcproj", "{BA83AC42-7C3C-4816-B407-3209CF60726A}"
	ProjectSection(ProjectDependencies) = postProject
	EndProjectSection
EndProject
Project("{8BC9CEB8-8B4A-11D0-8D11-00A0C91BC942}") = "hello", "hello.vcproj", "{AF6C9E4F-E2CC-4E9B-BEC5-2C077763DD73}"
	ProjectSection(ProjectDependencies) = postProject
	EndProjectSection
EndProject
Project("{8BC9CEB8-8B4A-11D0-8D11-00A0C91BC942}") = "image", "image.vcproj", "{C4CF818F-47BF-4587-9897-673372728756}"
	ProjectSection(ProjectDependencies) = postProject
	EndProjectSection
EndProject
Project("{8BC9CEB8-8B4A-11D0-8D11-00A0C91BC942}") = "invoice", "invoice.vcproj", "{54614A3C-72C2-43AB-9B40-6BD8AB85C217}"
	ProjectSection(ProjectDependencies) = postProject
	EndProjectSection
EndProject
Project("{8BC9CEB8-8B4A-11D0-8D11-00A0C91BC942}") = "pdfclock", "pdfclock.vcproj", "{E2802E55-BDE6-480D-AB00-4ED3D61B5C59}"
	ProjectSection(ProjectDependencies) = postProject
	EndProjectSection
EndProject
Project("{8BC9CEB8-8B4A-11D0-8D11-00A0C91BC942}") = "quickreference", "quickreference.vcproj", "{DE34A5CF-5E7B-47C6-AB88-E2465578C9A4}"
	ProjectSection(ProjectDependencies) = postProject
	EndProjectSection
EndProject
Global
	GlobalSection(SolutionConfiguration) = preSolution
		Debug = Debug
		Release = Release
	EndGlobalSection
	GlobalSection(ProjectConfiguration) = postSolution
		{762C3BC8-6EE9-4E24-AB3A-C6764A030BE0}.Debug.ActiveCfg = Debug|Win32
		{762C3BC8-6EE9-4E24-AB3A-C6764A030BE0}.Debug.Build.0 = Debug|Win32
		{762C3BC8-6EE9-4E24-AB3A-C6764A030BE0}.Release.ActiveCfg = Release|Win32
		{762C3BC8-6EE9-4E24-AB3A-C6764A030BE0}.Release.Build.0 = Release|Win32
		{BA83AC42-7C3C-4816-B407-3209CF60726A}.Debug.ActiveCfg = Debug|Win32
		{BA83AC42-7C3C-4816-B407-3209CF60726A}.Debug.Build.0 = Debug|Win32
		{BA83AC42-7C3C-4816-B407-3209CF60726A}.Release.ActiveCfg = Release|Win32
		{BA83AC42-7C3C-4816-B407-3209CF60726A}.Release.Build.0 = Release|Win32
		{AF6C9E4F-E2CC-4E9B-BEC5-2C077763DD73}.Debug.ActiveCfg = Debug|Win32
		{AF6C9E4F-E2CC-4E9B-BEC5-2C077763DD73}.Debug.Build.0 = Debug|Win32
		{AF6C9E4F-E2CC-4E9B-BEC5-2C077763DD73}.Release.ActiveCfg = Release|Win32
		{AF6C9E4F-E2CC-4E9B-BEC5-2C077763DD73}.Release.Build.0 = Release|Win32
		{C4CF818F-47BF-4587-9897-673372728756}.Debug.ActiveCfg = Debug|Win32
		{C4CF818F-47BF-4587-9897-673372728756}.Debug.Build.0 = Debug|Win32
		{C4CF818F-47BF-4587-9897-673372728756}.Release.ActiveCfg = Release|Win32
		{C4CF818F-47BF-4587-9897-673372728756}.Release.Build.0 = Release|Win32
		{54614A3C-72C2-43AB-9B40-6BD8AB85C217}.Debug.ActiveCfg = Debug|Win32
		{54614A3C-72C2-43AB-9B40-6BD8AB85C217}.Debug.Build.0 = Debug|Win32
		{54614A3C-72C2-43AB-9B40-6BD8AB85C217}.Release.ActiveCfg = Release|Win32
		{54614A3C-72C2-43AB-9B40-6BD8AB85C217}.Release.Build.0 = Release|Win32
		{E2802E55-BDE6-480D-AB00-4ED3D61B5C59}.Debug.ActiveCfg = Debug|Win32
		{E2802E55-BDE6-480D-AB00-4ED3D61B5C59}.Debug.Build.0 = Debug|Win32
		{E2802E55-BDE6-480D-AB00-4ED3D61B5C59}.Release.ActiveCfg = Release|Win32
		{E2802E55-BDE6-480D-AB00-4ED3D61B5C59}.Release.Build.0 = Release|Win32
		{DE34A5CF-5E7B-47C6-AB88-E2465578C9A4}.Debug.ActiveCfg = Debug|Win32
		{DE34A5CF-5E7B-47C6-AB88-E2465578C9A4}.Debug.Build.0 = Debug|Win32
		{DE34A5CF-5E7B-47C6-AB88-E2465578C9A4}.Release.ActiveCfg = Release|Win32
		{DE34A5CF-5E7B-47C6-AB88-E2465578C9A4}.Release.Build.0 = Release|Win32
	EndGlobalSection
	GlobalSection(ExtensibilityGlobals) = postSolution
	EndGlobalSection
	GlobalSection(ExtensibilityAddIns) = postSolution
	EndGlobalSection
EndGlobal
