
Microsoft Visual Studio Solution File, Format Version 9.00
# Visual Studio 2005
Project("{8BC9CEB8-8B4A-11D0-8D11-00A0C91BC942}") = "testWinForm", "testWinForm\testWinForm.vcproj", "{86083106-9E77-4EB0-89F7-45AB997B858A}"
EndProject
Global
	GlobalSection(SolutionConfigurationPlatforms) = preSolution
		Debug|Win32 = Debug|Win32
		Release|Win32 = Release|Win32
	EndGlobalSection
	GlobalSection(ProjectConfigurationPlatforms) = postSolution
		{86083106-9E77-4EB0-89F7-45AB997B858A}.Debug|Win32.ActiveCfg = Debug|Win32
		{86083106-9E77-4EB0-89F7-45AB997B858A}.Debug|Win32.Build.0 = Debug|Win32
		{86083106-9E77-4EB0-89F7-45AB997B858A}.Release|Win32.ActiveCfg = Release|Win32
		{86083106-9E77-4EB0-89F7-45AB997B858A}.Release|Win32.Build.0 = Release|Win32
	EndGlobalSection
	GlobalSection(SolutionProperties) = preSolution
		HideSolutionNode = FALSE
	EndGlobalSection
EndGlobal
