
Microsoft Visual Studio Solution File, Format Version 10.00
# Visual Studio 2008
Project("{8BC9CEB8-8B4A-11D0-8D11-00A0C91BC942}") = "test_VS2008_MFC_NET", "test_VS2008_MFC_NET\test_VS2008_MFC_NET.vcproj", "{00937E14-2D51-4CD7-8D9C-55B4AB975883}"
EndProject
Project("{54435603-DBB4-11D2-8724-00A0C9A8B90C}") = "Setup_MFC_NET", "Setup_MFC_NET\Setup_MFC_NET.vdproj", "{1F579F3D-112C-4681-9E8D-1804F476EC3F}"
EndProject
Global
	GlobalSection(SolutionConfigurationPlatforms) = preSolution
		Debug|Win32 = Debug|Win32
		Release|Win32 = Release|Win32
	EndGlobalSection
	GlobalSection(ProjectConfigurationPlatforms) = postSolution
		{00937E14-2D51-4CD7-8D9C-55B4AB975883}.Debug|Win32.ActiveCfg = Debug|Win32
		{00937E14-2D51-4CD7-8D9C-55B4AB975883}.Debug|Win32.Build.0 = Debug|Win32
		{00937E14-2D51-4CD7-8D9C-55B4AB975883}.Release|Win32.ActiveCfg = Release|Win32
		{00937E14-2D51-4CD7-8D9C-55B4AB975883}.Release|Win32.Build.0 = Release|Win32
		{1F579F3D-112C-4681-9E8D-1804F476EC3F}.Debug|Win32.ActiveCfg = Debug
		{1F579F3D-112C-4681-9E8D-1804F476EC3F}.Release|Win32.ActiveCfg = Release
	EndGlobalSection
	GlobalSection(SolutionProperties) = preSolution
		HideSolutionNode = FALSE
	EndGlobalSection
EndGlobal
