
Microsoft Visual Studio Solution File, Format Version 10.00
# Visual Studio 2008
Project("{8BC9CEB8-8B4A-11D0-8D11-00A0C91BC942}") = "VS2008test02", "VS2008test02\VS2008test02.vcproj", "{E117B63D-899C-4F2F-9922-B4C08C3FB24D}"
EndProject
Global
	GlobalSection(SolutionConfigurationPlatforms) = preSolution
		Debug|Win32 = Debug|Win32
		Release|Win32 = Release|Win32
	EndGlobalSection
	GlobalSection(ProjectConfigurationPlatforms) = postSolution
		{E117B63D-899C-4F2F-9922-B4C08C3FB24D}.Debug|Win32.ActiveCfg = Debug|Win32
		{E117B63D-899C-4F2F-9922-B4C08C3FB24D}.Debug|Win32.Build.0 = Debug|Win32
		{E117B63D-899C-4F2F-9922-B4C08C3FB24D}.Release|Win32.ActiveCfg = Release|Win32
		{E117B63D-899C-4F2F-9922-B4C08C3FB24D}.Release|Win32.Build.0 = Release|Win32
	EndGlobalSection
	GlobalSection(SolutionProperties) = preSolution
		HideSolutionNode = FALSE
	EndGlobalSection
EndGlobal
