
Microsoft Visual Studio Solution File, Format Version 10.00
# Visual Studio 2008
Project("{8BC9CEB8-8B4A-11D0-8D11-00A0C91BC942}") = "test_sscanf", "test_sscanf\test_sscanf.vcproj", "{266D56DA-D1A1-4188-9C49-1C24DD0DB3AD}"
EndProject
Global
	GlobalSection(SolutionConfigurationPlatforms) = preSolution
		Debug|Win32 = Debug|Win32
		Release|Win32 = Release|Win32
	EndGlobalSection
	GlobalSection(ProjectConfigurationPlatforms) = postSolution
		{266D56DA-D1A1-4188-9C49-1C24DD0DB3AD}.Debug|Win32.ActiveCfg = Debug|Win32
		{266D56DA-D1A1-4188-9C49-1C24DD0DB3AD}.Debug|Win32.Build.0 = Debug|Win32
		{266D56DA-D1A1-4188-9C49-1C24DD0DB3AD}.Release|Win32.ActiveCfg = Release|Win32
		{266D56DA-D1A1-4188-9C49-1C24DD0DB3AD}.Release|Win32.Build.0 = Release|Win32
	EndGlobalSection
	GlobalSection(SolutionProperties) = preSolution
		HideSolutionNode = FALSE
	EndGlobalSection
EndGlobal
