
Microsoft Visual Studio Solution File, Format Version 11.00
# Visual C++ Express 2010
Project("{8BC9CEB8-8B4A-11D0-8D11-00A0C91BC942}") = "struct_memset_test", "struct_memset_test\struct_memset_test.vcxproj", "{FA9E3816-1380-4350-AE61-AA801987199C}"
EndProject
Global
	GlobalSection(SolutionConfigurationPlatforms) = preSolution
		Debug|Win32 = Debug|Win32
		Release|Win32 = Release|Win32
	EndGlobalSection
	GlobalSection(ProjectConfigurationPlatforms) = postSolution
		{FA9E3816-1380-4350-AE61-AA801987199C}.Debug|Win32.ActiveCfg = Debug|Win32
		{FA9E3816-1380-4350-AE61-AA801987199C}.Debug|Win32.Build.0 = Debug|Win32
		{FA9E3816-1380-4350-AE61-AA801987199C}.Release|Win32.ActiveCfg = Release|Win32
		{FA9E3816-1380-4350-AE61-AA801987199C}.Release|Win32.Build.0 = Release|Win32
	EndGlobalSection
	GlobalSection(SolutionProperties) = preSolution
		HideSolutionNode = FALSE
	EndGlobalSection
EndGlobal
