
Microsoft Visual Studio Solution File, Format Version 10.00
# Visual Studio 2008
Project("{8BC9CEB8-8B4A-11D0-8D11-00A0C91BC942}") = "MapMemoryUp", "MapMemoryUp\MapMemoryUp.vcproj", "{C03A80A2-6E62-463C-8130-84EC5AF26694}"
EndProject
Global
	GlobalSection(SolutionConfigurationPlatforms) = preSolution
		Debug|Win32 = Debug|Win32
		Release|Win32 = Release|Win32
	EndGlobalSection
	GlobalSection(ProjectConfigurationPlatforms) = postSolution
		{C03A80A2-6E62-463C-8130-84EC5AF26694}.Debug|Win32.ActiveCfg = Debug|Win32
		{C03A80A2-6E62-463C-8130-84EC5AF26694}.Debug|Win32.Build.0 = Debug|Win32
		{C03A80A2-6E62-463C-8130-84EC5AF26694}.Release|Win32.ActiveCfg = Release|Win32
		{C03A80A2-6E62-463C-8130-84EC5AF26694}.Release|Win32.Build.0 = Release|Win32
	EndGlobalSection
	GlobalSection(SolutionProperties) = preSolution
		HideSolutionNode = FALSE
	EndGlobalSection
EndGlobal
